{
  "name": "LibraryInBreezeJS",
  "lockfileVersion": 3,
  "requires": true,
  "packages": {
    "": {
      "dependencies": {
        "breeze-web-framework": "^1.0.1"
      }
    },
    "node_modules/breeze-web-framework": {
      "version": "1.0.1",
      "resolved": "https://registry.npmjs.org/breeze-web-framework/-/breeze-web-framework-1.0.1.tgz",
      "integrity": "sha512-viy3usiSjkNUsMb2QaKA1n+Y7GlhH9YtX4d3boFcd3315LBR62WgAmtBkmG2KyYPU30iQ9Qpyrguv+fUcpF9Lw=="
    }
  }
}
